
Microsoft Visual Studio Solution File, Format Version 12.00
# Visual Studio 2012
Project("{FAE04EC0-301F-11D3-BF4B-00C04F79EFBC}") = "CMPopTipViewQS", "CMPopTipViewQS\CMPopTipViewQS.csproj", "{9450F1FA-6A6C-4660-81D6-DBEEAF6A12C4}"
EndProject
Project("{FAE04EC0-301F-11D3-BF4B-00C04F79EFBC}") = "Naxam.CMPopTipView.iOS", "Naxam.CMPopTipView.iOS\Naxam.CMPopTipView.iOS.csproj", "{120081BB-9FB1-4993-BE9D-DDDC4E12163C}"
EndProject
Global
	GlobalSection(SolutionConfigurationPlatforms) = preSolution
		Debug|iPhoneSimulator = Debug|iPhoneSimulator
		Release|iPhone = Release|iPhone
		Release|iPhoneSimulator = Release|iPhoneSimulator
		Debug|iPhone = Debug|iPhone
		Debug-Reveal|iPhoneSimulator = Debug-Reveal|iPhoneSimulator
	EndGlobalSection
	GlobalSection(ProjectConfigurationPlatforms) = postSolution
		{9450F1FA-6A6C-4660-81D6-DBEEAF6A12C4}.Debug|iPhoneSimulator.ActiveCfg = Debug|iPhoneSimulator
		{9450F1FA-6A6C-4660-81D6-DBEEAF6A12C4}.Debug|iPhoneSimulator.Build.0 = Debug|iPhoneSimulator
		{9450F1FA-6A6C-4660-81D6-DBEEAF6A12C4}.Release|iPhone.ActiveCfg = Release|iPhone
		{9450F1FA-6A6C-4660-81D6-DBEEAF6A12C4}.Release|iPhone.Build.0 = Release|iPhone
		{9450F1FA-6A6C-4660-81D6-DBEEAF6A12C4}.Release|iPhoneSimulator.ActiveCfg = Release|iPhoneSimulator
		{9450F1FA-6A6C-4660-81D6-DBEEAF6A12C4}.Release|iPhoneSimulator.Build.0 = Release|iPhoneSimulator
		{9450F1FA-6A6C-4660-81D6-DBEEAF6A12C4}.Debug|iPhone.ActiveCfg = Debug|iPhone
		{9450F1FA-6A6C-4660-81D6-DBEEAF6A12C4}.Debug|iPhone.Build.0 = Debug|iPhone
		{9450F1FA-6A6C-4660-81D6-DBEEAF6A12C4}.Debug-Reveal|iPhoneSimulator.ActiveCfg = Debug-Reveal|iPhoneSimulator
		{9450F1FA-6A6C-4660-81D6-DBEEAF6A12C4}.Debug-Reveal|iPhoneSimulator.Build.0 = Debug-Reveal|iPhoneSimulator
		{120081BB-9FB1-4993-BE9D-DDDC4E12163C}.Debug|iPhoneSimulator.ActiveCfg = Debug|Any CPU
		{120081BB-9FB1-4993-BE9D-DDDC4E12163C}.Debug|iPhoneSimulator.Build.0 = Debug|Any CPU
		{120081BB-9FB1-4993-BE9D-DDDC4E12163C}.Release|iPhone.ActiveCfg = Release|Any CPU
		{120081BB-9FB1-4993-BE9D-DDDC4E12163C}.Release|iPhone.Build.0 = Release|Any CPU
		{120081BB-9FB1-4993-BE9D-DDDC4E12163C}.Release|iPhoneSimulator.ActiveCfg = Release|Any CPU
		{120081BB-9FB1-4993-BE9D-DDDC4E12163C}.Release|iPhoneSimulator.Build.0 = Release|Any CPU
		{120081BB-9FB1-4993-BE9D-DDDC4E12163C}.Debug|iPhone.ActiveCfg = Debug|Any CPU
		{120081BB-9FB1-4993-BE9D-DDDC4E12163C}.Debug|iPhone.Build.0 = Debug|Any CPU
		{120081BB-9FB1-4993-BE9D-DDDC4E12163C}.Debug-Reveal|iPhoneSimulator.ActiveCfg = Debug|Any CPU
		{120081BB-9FB1-4993-BE9D-DDDC4E12163C}.Debug-Reveal|iPhoneSimulator.Build.0 = Debug|Any CPU
	EndGlobalSection
	GlobalSection(MonoDevelopProperties) = preSolution
		Policies = $0
		$0.DotNetNamingPolicy = $1
		$1.DirectoryNamespaceAssociation = PrefixedHierarchical
		$0.TextStylePolicy = $2
		$2.inheritsSet = null
		$2.scope = text/x-json
		$0.JSONFormattingPolicy = $3
		$3.AutoStructureCompletion = True
		$3.BracePositions = SemiExpanded
		$3.FormatOnPaste = True
		$3.scope = text/x-json
		$0.TextStylePolicy = $4
		$4.inheritsSet = null
		$4.scope = text/x-web
	EndGlobalSection
EndGlobal
